
Microsoft Visual Studio Solution File, Format Version 10.00
# Visual Studio 2008
Project("{E24C65DC-7377-472B-9ABA-BC803B73C61A}") = "TrainCheck", "http://localhost/TrainCheck", "{134E4C7C-1271-4635-A0FB-DFC3C1E0BC1B}"
	ProjectSection(WebsiteProperties) = preProject
		TargetFramework = "2.0"
		Debug.AspNetCompiler.VirtualPath = "/TrainCheck"
		Debug.AspNetCompiler.PhysicalPath = "TrainCheckWeb\"
		Debug.AspNetCompiler.TargetPath = "PrecompiledWeb\TrainCheck\"
		Debug.AspNetCompiler.Updateable = "true"
		Debug.AspNetCompiler.ForceOverwrite = "true"
		Debug.AspNetCompiler.FixedNames = "false"
		Debug.AspNetCompiler.Debug = "True"
		Release.AspNetCompiler.VirtualPath = "/TrainCheck"
		Release.AspNetCompiler.PhysicalPath = "TrainCheckWeb\"
		Release.AspNetCompiler.TargetPath = "PrecompiledWeb\TrainCheck\"
		Release.AspNetCompiler.Updateable = "true"
		Release.AspNetCompiler.ForceOverwrite = "true"
		Release.AspNetCompiler.FixedNames = "false"
		Release.AspNetCompiler.Debug = "False"
		SlnRelativePath = "..\..\..\..\Programs\20100518\TrainCheckWeb\"
	EndProjectSection
EndProject
Project("{FAE04EC0-301F-11D3-BF4B-00C04F79EFBC}") = "TrainCheck", "TrainCheck\TrainCheck.csproj", "{9C9F2EE1-B513-481B-AFA0-3459C1CBC4DF}"
EndProject
Project("{E24C65DC-7377-472B-9ABA-BC803B73C61A}") = "webSite", "webSite\", "{E1B6C302-FC3E-4A02-BDA0-10E8C3E681F9}"
	ProjectSection(WebsiteProperties) = preProject
		TargetFramework = "3.5"
		Debug.AspNetCompiler.VirtualPath = "/webSite"
		Debug.AspNetCompiler.PhysicalPath = "webSite\"
		Debug.AspNetCompiler.TargetPath = "PrecompiledWeb\webSite\"
		Debug.AspNetCompiler.Updateable = "true"
		Debug.AspNetCompiler.ForceOverwrite = "true"
		Debug.AspNetCompiler.FixedNames = "false"
		Debug.AspNetCompiler.Debug = "True"
		Release.AspNetCompiler.VirtualPath = "/webSite"
		Release.AspNetCompiler.PhysicalPath = "webSite\"
		Release.AspNetCompiler.TargetPath = "PrecompiledWeb\webSite\"
		Release.AspNetCompiler.Updateable = "true"
		Release.AspNetCompiler.ForceOverwrite = "true"
		Release.AspNetCompiler.FixedNames = "false"
		Release.AspNetCompiler.Debug = "False"
		VWDPort = "1073"
	EndProjectSection
EndProject
Global
	GlobalSection(SolutionConfigurationPlatforms) = preSolution
		Debug|.NET = Debug|.NET
		Debug|Any CPU = Debug|Any CPU
		Debug|Mixed Platforms = Debug|Mixed Platforms
		Release|.NET = Release|.NET
		Release|Any CPU = Release|Any CPU
		Release|Mixed Platforms = Release|Mixed Platforms
	EndGlobalSection
	GlobalSection(ProjectConfigurationPlatforms) = postSolution
		{134E4C7C-1271-4635-A0FB-DFC3C1E0BC1B}.Debug|.NET.ActiveCfg = Debug|.NET
		{134E4C7C-1271-4635-A0FB-DFC3C1E0BC1B}.Debug|.NET.Build.0 = Debug|.NET
		{134E4C7C-1271-4635-A0FB-DFC3C1E0BC1B}.Debug|Any CPU.ActiveCfg = Debug|.NET
		{134E4C7C-1271-4635-A0FB-DFC3C1E0BC1B}.Debug|Mixed Platforms.ActiveCfg = Debug|.NET
		{134E4C7C-1271-4635-A0FB-DFC3C1E0BC1B}.Debug|Mixed Platforms.Build.0 = Debug|.NET
		{134E4C7C-1271-4635-A0FB-DFC3C1E0BC1B}.Release|.NET.ActiveCfg = Debug|.NET
		{134E4C7C-1271-4635-A0FB-DFC3C1E0BC1B}.Release|.NET.Build.0 = Debug|.NET
		{134E4C7C-1271-4635-A0FB-DFC3C1E0BC1B}.Release|Any CPU.ActiveCfg = Debug|.NET
		{134E4C7C-1271-4635-A0FB-DFC3C1E0BC1B}.Release|Mixed Platforms.ActiveCfg = Debug|.NET
		{134E4C7C-1271-4635-A0FB-DFC3C1E0BC1B}.Release|Mixed Platforms.Build.0 = Debug|.NET
		{9C9F2EE1-B513-481B-AFA0-3459C1CBC4DF}.Debug|.NET.ActiveCfg = Debug|Any CPU
		{9C9F2EE1-B513-481B-AFA0-3459C1CBC4DF}.Debug|Any CPU.ActiveCfg = Debug|Any CPU
		{9C9F2EE1-B513-481B-AFA0-3459C1CBC4DF}.Debug|Any CPU.Build.0 = Debug|Any CPU
		{9C9F2EE1-B513-481B-AFA0-3459C1CBC4DF}.Debug|Any CPU.Deploy.0 = Debug|Any CPU
		{9C9F2EE1-B513-481B-AFA0-3459C1CBC4DF}.Debug|Mixed Platforms.ActiveCfg = Debug|Any CPU
		{9C9F2EE1-B513-481B-AFA0-3459C1CBC4DF}.Debug|Mixed Platforms.Build.0 = Debug|Any CPU
		{9C9F2EE1-B513-481B-AFA0-3459C1CBC4DF}.Debug|Mixed Platforms.Deploy.0 = Debug|Any CPU
		{9C9F2EE1-B513-481B-AFA0-3459C1CBC4DF}.Release|.NET.ActiveCfg = Release|Any CPU
		{9C9F2EE1-B513-481B-AFA0-3459C1CBC4DF}.Release|Any CPU.ActiveCfg = Release|Any CPU
		{9C9F2EE1-B513-481B-AFA0-3459C1CBC4DF}.Release|Any CPU.Build.0 = Release|Any CPU
		{9C9F2EE1-B513-481B-AFA0-3459C1CBC4DF}.Release|Any CPU.Deploy.0 = Release|Any CPU
		{9C9F2EE1-B513-481B-AFA0-3459C1CBC4DF}.Release|Mixed Platforms.ActiveCfg = Release|Any CPU
		{9C9F2EE1-B513-481B-AFA0-3459C1CBC4DF}.Release|Mixed Platforms.Build.0 = Release|Any CPU
		{9C9F2EE1-B513-481B-AFA0-3459C1CBC4DF}.Release|Mixed Platforms.Deploy.0 = Release|Any CPU
		{E1B6C302-FC3E-4A02-BDA0-10E8C3E681F9}.Debug|.NET.ActiveCfg = Debug|Any CPU
		{E1B6C302-FC3E-4A02-BDA0-10E8C3E681F9}.Debug|Any CPU.ActiveCfg = Debug|Any CPU
		{E1B6C302-FC3E-4A02-BDA0-10E8C3E681F9}.Debug|Any CPU.Build.0 = Debug|Any CPU
		{E1B6C302-FC3E-4A02-BDA0-10E8C3E681F9}.Debug|Mixed Platforms.ActiveCfg = Debug|Any CPU
		{E1B6C302-FC3E-4A02-BDA0-10E8C3E681F9}.Debug|Mixed Platforms.Build.0 = Debug|Any CPU
		{E1B6C302-FC3E-4A02-BDA0-10E8C3E681F9}.Release|.NET.ActiveCfg = Debug|Any CPU
		{E1B6C302-FC3E-4A02-BDA0-10E8C3E681F9}.Release|Any CPU.ActiveCfg = Debug|Any CPU
		{E1B6C302-FC3E-4A02-BDA0-10E8C3E681F9}.Release|Any CPU.Build.0 = Debug|Any CPU
		{E1B6C302-FC3E-4A02-BDA0-10E8C3E681F9}.Release|Mixed Platforms.ActiveCfg = Debug|Any CPU
		{E1B6C302-FC3E-4A02-BDA0-10E8C3E681F9}.Release|Mixed Platforms.Build.0 = Debug|Any CPU
	EndGlobalSection
	GlobalSection(SolutionProperties) = preSolution
		HideSolutionNode = FALSE
	EndGlobalSection
EndGlobal
